
Microsoft Visual Studio Solution File, Format Version 12.00
# Visual Studio Version 17
VisualStudioVersion = 17.5.33424.131
MinimumVisualStudioVersion = 10.0.40219.1
Project("{888888A0-9F3D-457C-B088-3A5042F75D52}") = "Szukanie binarne", "Szukanie binarne\Szukanie binarne.pyproj", "{E9A1F2CA-7CFA-477A-898B-6A32469122F9}"
EndProject
Global
	GlobalSection(SolutionConfigurationPlatforms) = preSolution
		Debug|Any CPU = Debug|Any CPU
		Release|Any CPU = Release|Any CPU
	EndGlobalSection
	GlobalSection(ProjectConfigurationPlatforms) = postSolution
		{E9A1F2CA-7CFA-477A-898B-6A32469122F9}.Debug|Any CPU.ActiveCfg = Debug|Any CPU
		{E9A1F2CA-7CFA-477A-898B-6A32469122F9}.Release|Any CPU.ActiveCfg = Release|Any CPU
	EndGlobalSection
	GlobalSection(SolutionProperties) = preSolution
		HideSolutionNode = FALSE
	EndGlobalSection
	GlobalSection(ExtensibilityGlobals) = postSolution
		SolutionGuid = {D290DBA6-8EF1-40B1-8A9D-89A234414ACD}
	EndGlobalSection
EndGlobal
